// !$*UTF8*$!
{
	archiveVersion = 1;
	classes = {
	};
	objectVersion = 46;
	objects = {

/* Begin PBXBuildFile section */
		3B3A7EB8190843E100B33A10 /* Foundation.framework in Frameworks */ = {isa = PBXBuildFile; fileRef = 3B3A7EB7190843E100B33A10 /* Foundation.framework */; };
		3B3A7EBA190843E100B33A10 /* CoreGraphics.framework in Frameworks */ = {isa = PBXBuildFile; fileRef = 3B3A7EB9190843E100B33A10 /* CoreGraphics.framework */; };
		3B3A7EBC190843E100B33A10 /* UIKit.framework in Frameworks */ = {isa = PBXBuildFile; fileRef = 3B3A7EBB190843E100B33A10 /* UIKit.framework */; };
		3B3A7EC2190843E100B33A10 /* InfoPlist.strings in Resources */ = {isa = PBXBuildFile; fileRef = 3B3A7EC0190843E100B33A10 /* InfoPlist.strings */; };
		3B3A7EC4190843E100B33A10 /* main.m in Sources */ = {isa = PBXBuildFile; fileRef = 3B3A7EC3190843E100B33A10 /* main.m */; };
		3B3A7EC8190843E100B33A10 /* TayAppDelegate.m in Sources */ = {isa = PBXBuildFile; fileRef = 3B3A7EC7190843E100B33A10 /* TayAppDelegate.m */; };
		3B3A7ECB190843E100B33A10 /* Main.storyboard in Resources */ = {isa = PBXBuildFile; fileRef = 3B3A7EC9190843E100B33A10 /* Main.storyboard */; };
		3B3A7ECE190843E100B33A10 /* TayViewController.m in Sources */ = {isa = PBXBuildFile; fileRef = 3B3A7ECD190843E100B33A10 /* TayViewController.m */; };
		3B3A7ED0190843E100B33A10 /* Images.xcassets in Resources */ = {isa = PBXBuildFile; fileRef = 3B3A7ECF190843E100B33A10 /* Images.xcassets */; };
		3B3A7ED7190843E100B33A10 /* XCTest.framework in Frameworks */ = {isa = PBXBuildFile; fileRef = 3B3A7ED6190843E100B33A10 /* XCTest.framework */; };
		3B3A7ED8190843E100B33A10 /* Foundation.framework in Frameworks */ = {isa = PBXBuildFile; fileRef = 3B3A7EB7190843E100B33A10 /* Foundation.framework */; };
		3B3A7ED9190843E100B33A10 /* UIKit.framework in Frameworks */ = {isa = PBXBuildFile; fileRef = 3B3A7EBB190843E100B33A10 /* UIKit.framework */; };
		3B3A7EE1190843E100B33A10 /* InfoPlist.strings in Resources */ = {isa = PBXBuildFile; fileRef = 3B3A7EDF190843E100B33A10 /* InfoPlist.strings */; };
		3B3A7EE3190843E100B33A10 /* Git_TestTests.m in Sources */ = {isa = PBXBuildFile; fileRef = 3B3A7EE2190843E100B33A10 /* Git_TestTests.m */; };
/* End PBXBuildFile section */

/* Begin PBXContainerItemProxy section */
		3B3A7EDA190843E100B33A10 /* PBXContainerItemProxy */ = {
			isa = PBXContainerItemProxy;
			containerPortal = 3B3A7EAC190843E100B33A10 /* Project object */;
			proxyType = 1;
			remoteGlobalIDString = 3B3A7EB3190843E100B33A10;
			remoteInfo = "Git Test";
		};
/* End PBXContainerItemProxy section */

/* Begin PBXFileReference section */
		3B3A7EB4190843E100B33A10 /* Git Test.app */ = {isa = PBXFileReference; explicitFileType = wrapper.application; includeInIndex = 0; path = "Git Test.app"; sourceTree = BUILT_PRODUCTS_DIR; };
		3B3A7EB7190843E100B33A10 /* Foundation.framework */ = {isa = PBXFileReference; lastKnownFileType = wrapper.framework; name = Foundation.framework; path = System/Library/Frameworks/Foundation.framework; sourceTree = SDKROOT; };
		3B3A7EB9190843E100B33A10 /* CoreGraphics.framework */ = {isa = PBXFileReference; lastKnownFileType = wrapper.framework; name = CoreGraphics.framework; path = System/Library/Frameworks/CoreGraphics.framework; sourceTree = SDKROOT; };
		3B3A7EBB190843E100B33A10 /* UIKit.framework */ = {isa = PBXFileReference; lastKnownFileType = wrapper.framework; name = UIKit.framework; path = System/Library/Frameworks/UIKit.framework; sourceTree = SDKROOT; };
		3B3A7EBF190843E100B33A10 /* Git Test-Info.plist */ = {isa = PBXFileReference; lastKnownFileType = text.plist.xml; path = "Git Test-Info.plist"; sourceTree = "<group>"; };
		3B3A7EC1190843E100B33A10 /* en */ = {isa = PBXFileReference; lastKnownFileType = text.plist.strings; name = en; path = en.lproj/InfoPlist.strings; sourceTree = "<group>"; };
		3B3A7EC3190843E100B33A10 /* main.m */ = {isa = PBXFileReference; lastKnownFileType = sourcecode.c.objc; path = main.m; sourceTree = "<group>"; };
		3B3A7EC5190843E100B33A10 /* Git Test-Prefix.pch */ = {isa = PBXFileReference; lastKnownFileType = sourcecode.c.h; path = "Git Test-Prefix.pch"; sourceTree = "<group>"; };
		3B3A7EC6190843E100B33A10 /* TayAppDelegate.h */ = {isa = PBXFileReference; lastKnownFileType = sourcecode.c.h; path = TayAppDelegate.h; sourceTree = "<group>"; };
		3B3A7EC7190843E100B33A10 /* TayAppDelegate.m */ = {isa = PBXFileReference; lastKnownFileType = sourcecode.c.objc; path = TayAppDelegate.m; sourceTree = "<group>"; };
		3B3A7ECA190843E100B33A10 /* Base */ = {isa = PBXFileReference; lastKnownFileType = file.storyboard; name = Base; path = Base.lproj/Main.storyboard; sourceTree = "<group>"; };
		3B3A7ECC190843E100B33A10 /* TayViewController.h */ = {isa = PBXFileReference; lastKnownFileType = sourcecode.c.h; path = TayViewController.h; sourceTree = "<group>"; };
		3B3A7ECD190843E100B33A10 /* TayViewController.m */ = {isa = PBXFileReference; lastKnownFileType = sourcecode.c.objc; path = TayViewController.m; sourceTree = "<group>"; };
		3B3A7ECF190843E100B33A10 /* Images.xcassets */ = {isa = PBXFileReference; lastKnownFileType = folder.assetcatalog; path = Images.xcassets; sourceTree = "<group>"; };
		3B3A7ED5190843E100B33A10 /* Git TestTests.xctest */ = {isa = PBXFileReference; explicitFileType = wrapper.cfbundle; includeInIndex = 0; path = "Git TestTests.xctest"; sourceTree = BUILT_PRODUCTS_DIR; };
		3B3A7ED6190843E100B33A10 /* XCTest.framework */ = {isa = PBXFileReference; lastKnownFileType = wrapper.framework; name = XCTest.framework; path = Library/Frameworks/XCTest.framework; sourceTree = DEVELOPER_DIR; };
		3B3A7EDE190843E100B33A10 /* Git TestTests-Info.plist */ = {isa = PBXFileReference; lastKnownFileType = text.plist.xml; path = "Git TestTests-Info.plist"; sourceTree = "<group>"; };
		3B3A7EE0190843E100B33A10 /* en */ = {isa = PBXFileReference; lastKnownFileType = text.plist.strings; name = en; path = en.lproj/InfoPlist.strings; sourceTree = "<group>"; };
		3B3A7EE2190843E100B33A10 /* Git_TestTests.m */ = {isa = PBXFileReference; lastKnownFileType = sourcecode.c.objc; path = Git_TestTests.m; sourceTree = "<group>"; };
/* End PBXFileReference section */

/* Begin PBXFrameworksBuildPhase section */
		3B3A7EB1190843E100B33A10 /* Frameworks */ = {
			isa = PBXFrameworksBuildPhase;
			buildActionMask = 2147483647;
			files = (
				3B3A7EBA190843E100B33A10 /* CoreGraphics.framework in Frameworks */,
				3B3A7EBC190843E100B33A10 /* UIKit.framework in Frameworks */,
				3B3A7EB8190843E100B33A10 /* Foundation.framework in Frameworks */,
			);
			runOnlyForDeploymentPostprocessing = 0;
		};
		3B3A7ED2190843E100B33A10 /* Frameworks */ = {
			isa = PBXFrameworksBuildPhase;
			buildActionMask = 2147483647;
			files = (
				3B3A7ED7190843E100B33A10 /* XCTest.framework in Frameworks */,
				3B3A7ED9190843E100B33A10 /* UIKit.framework in Frameworks */,
				3B3A7ED8190843E100B33A10 /* Foundation.framework in Frameworks */,
			);
			runOnlyForDeploymentPostprocessing = 0;
		};
/* End PBXFrameworksBuildPhase section */

/* Begin PBXGroup section */
		3B3A7EAB190843E100B33A10 = {
			isa = PBXGroup;
			children = (
				3B3A7EBD190843E100B33A10 /* Git Test */,
				3B3A7EDC190843E100B33A10 /* Git TestTests */,
				3B3A7EB6190843E100B33A10 /* Frameworks */,
				3B3A7EB5190843E100B33A10 /* Products */,
			);
			sourceTree = "<group>";
		};
		3B3A7EB5190843E100B33A10 /* Products */ = {
			isa = PBXGroup;
			children = (
				3B3A7EB4190843E100B33A10 /* Git Test.app */,
				3B3A7ED5190843E100B33A10 /* Git TestTests.xctest */,
			);
			name = Products;
			sourceTree = "<group>";
		};
		3B3A7EB6190843E100B33A10 /* Frameworks */ = {
			isa = PBXGroup;
			children = (
				3B3A7EB7190843E100B33A10 /* Foundation.framework */,
				3B3A7EB9190843E100B33A10 /* CoreGraphics.framework */,
				3B3A7EBB190843E100B33A10 /* UIKit.framework */,
				3B3A7ED6190843E100B33A10 /* XCTest.framework */,
			);
			name = Frameworks;
			sourceTree = "<group>";
		};
		3B3A7EBD190843E100B33A10 /* Git Test */ = {
			isa = PBXGroup;
			children = (
				3B3A7EC6190843E100B33A10 /* TayAppDelegate.h */,
				3B3A7EC7190843E100B33A10 /* TayAppDelegate.m */,
				3B3A7EC9190843E100B33A10 /* Main.storyboard */,
				3B3A7ECC190843E100B33A10 /* TayViewController.h */,
				3B3A7ECD190843E100B33A10 /* TayViewController.m */,
				3B3A7ECF190843E100B33A10 /* Images.xcassets */,
				3B3A7EBE190843E100B33A10 /* Supporting Files */,
			);
			path = "Git Test";
			sourceTree = "<group>";
		};
		3B3A7EBE190843E100B33A10 /* Supporting Files */ = {
			isa = PBXGroup;
			children = (
				3B3A7EBF190843E100B33A10 /* Git Test-Info.plist */,
				3B3A7EC0190843E100B33A10 /* InfoPlist.strings */,
				3B3A7EC3190843E100B33A10 /* main.m */,
				3B3A7EC5190843E100B33A10 /* Git Test-Prefix.pch */,
			);
			name = "Supporting Files";
			sourceTree = "<group>";
		};
		3B3A7EDC190843E100B33A10 /* Git TestTests */ = {
			isa = PBXGroup;
			children = (
				3B3A7EE2190843E100B33A10 /* Git_TestTests.m */,
				3B3A7EDD190843E100B33A10 /* Supporting Files */,
			);
			path = "Git TestTests";
			sourceTree = "<group>";
		};
		3B3A7EDD190843E100B33A10 /* Supporting Files */ = {
			isa = PBXGroup;
			children = (
				3B3A7EDE190843E100B33A10 /* Git TestTests-Info.plist */,
				3B3A7EDF190843E100B33A10 /* InfoPlist.strings */,
			);
			name = "Supporting Files";
			sourceTree = "<group>";
		};
/* End PBXGroup section */

/* Begin PBXNativeTarget section */
		3B3A7EB3190843E100B33A10 /* Git Test */ = {
			isa = PBXNativeTarget;
			buildConfigurationList = 3B3A7EE6190843E100B33A10 /* Build configuration list for PBXNativeTarget "Git Test" */;
			buildPhases = (
				3B3A7EB0190843E100B33A10 /* Sources */,
				3B3A7EB1190843E100B33A10 /* Frameworks */,
				3B3A7EB2190843E100B33A10 /* Resources */,
			);
			buildRules = (
			);
			dependencies = (
			);
			name = "Git Test";
			productName = "Git Test";
			productReference = 3B3A7EB4190843E100B33A10 /* Git Test.app */;
			productType = "com.apple.product-type.application";
		};
		3B3A7ED4190843E100B33A10 /* Git TestTests */ = {
			isa = PBXNativeTarget;
			buildConfigurationList = 3B3A7EE9190843E100B33A10 /* Build configuration list for PBXNativeTarget "Git TestTests" */;
			buildPhases = (
				3B3A7ED1190843E100B33A10 /* Sources */,
				3B3A7ED2190843E100B33A10 /* Frameworks */,
				3B3A7ED3190843E100B33A10 /* Resources */,
			);
			buildRules = (
			);
			dependencies = (
				3B3A7EDB190843E100B33A10 /* PBXTargetDependency */,
			);
			name = "Git TestTests";
			productName = "Git TestTests";
			productReference = 3B3A7ED5190843E100B33A10 /* Git TestTests.xctest */;
			productType = "com.apple.product-type.bundle.unit-test";
		};
/* End PBXNativeTarget section */

/* Begin PBXProject section */
		3B3A7EAC190843E100B33A10 /* Project object */ = {
			isa = PBXProject;
			attributes = {
				CLASSPREFIX = Tay;
				LastUpgradeCheck = 0510;
				ORGANIZATIONNAME = Tim;
				TargetAttributes = {
					3B3A7ED4190843E100B33A10 = {
						TestTargetID = 3B3A7EB3190843E100B33A10;
					};
				};
			};
			buildConfigurationList = 3B3A7EAF190843E100B33A10 /* Build configuration list for PBXProject "Git Test" */;
			compatibilityVersion = "Xcode 3.2";
			developmentRegion = English;
			hasScannedForEncodings = 0;
			knownRegions = (
				en,
				Base,
			);
			mainGroup = 3B3A7EAB190843E100B33A10;
			productRefGroup = 3B3A7EB5190843E100B33A10 /* Products */;
			projectDirPath = "";
			projectRoot = "";
			targets = (
				3B3A7EB3190843E100B33A10 /* Git Test */,
				3B3A7ED4190843E100B33A10 /* Git TestTests */,
			);
		};
/* End PBXProject section */

/* Begin PBXResourcesBuildPhase section */
		3B3A7EB2190843E100B33A10 /* Resources */ = {
			isa = PBXResourcesBuildPhase;
			buildActionMask = 2147483647;
			files = (
				3B3A7ED0190843E100B33A10 /* Images.xcassets in Resources */,
				3B3A7EC2190843E100B33A10 /* InfoPlist.strings in Resources */,
				3B3A7ECB190843E100B33A10 /* Main.storyboard in Resources */,
			);
			runOnlyForDeploymentPostprocessing = 0;
		};
		3B3A7ED3190843E100B33A10 /* Resources */ = {
			isa = PBXResourcesBuildPhase;
			buildActionMask = 2147483647;
			files = (
				3B3A7EE1190843E100B33A10 /* InfoPlist.strings in Resources */,
			);
			runOnlyForDeploymentPostprocessing = 0;
		};
/* End PBXResourcesBuildPhase section */

/* Begin PBXSourcesBuildPhase section */
		3B3A7EB0190843E100B33A10 /* Sources */ = {
			isa = PBXSourcesBuildPhase;
			buildActionMask = 2147483647;
			files = (
				3B3A7ECE190843E100B33A10 /* TayViewController.m in Sources */,
				3B3A7EC4190843E100B33A10 /* main.m in Sources */,
				3B3A7EC8190843E100B33A10 /* TayAppDelegate.m in Sources */,
			);
			runOnlyForDeploymentPostprocessing = 0;
		};
		3B3A7ED1190843E100B33A10 /* Sources */ = {
			isa = PBXSourcesBuildPhase;
			buildActionMask = 2147483647;
			files = (
				3B3A7EE3190843E100B33A10 /* Git_TestTests.m in Sources */,
			);
			runOnlyForDeploymentPostprocessing = 0;
		};
/* End PBXSourcesBuildPhase section */

/* Begin PBXTargetDependency section */
		3B3A7EDB190843E100B33A10 /* PBXTargetDependency */ = {
			isa = PBXTargetDependency;
			target = 3B3A7EB3190843E100B33A10 /* Git Test */;
			targetProxy = 3B3A7EDA190843E100B33A10 /* PBXContainerItemProxy */;
		};
/* End PBXTargetDependency section */

/* Begin PBXVariantGroup section */
		3B3A7EC0190843E100B33A10 /* InfoPlist.strings */ = {
			isa = PBXVariantGroup;
			children = (
				3B3A7EC1190843E100B33A10 /* en */,
			);
			name = InfoPlist.strings;
			sourceTree = "<group>";
		};
		3B3A7EC9190843E100B33A10 /* Main.storyboard */ = {
			isa = PBXVariantGroup;
			children = (
				3B3A7ECA190843E100B33A10 /* Base */,
			);
			name = Main.storyboard;
			sourceTree = "<group>";
		};
		3B3A7EDF190843E100B33A10 /* InfoPlist.strings */ = {
			isa = PBXVariantGroup;
			children = (
				3B3A7EE0190843E100B33A10 /* en */,
			);
			name = InfoPlist.strings;
			sourceTree = "<group>";
		};
/* End PBXVariantGroup section */

/* Begin XCBuildConfiguration section */
		3B3A7EE4190843E100B33A10 /* Debug */ = {
			isa = XCBuildConfiguration;
			buildSettings = {
				ALWAYS_SEARCH_USER_PATHS = NO;
				CLANG_CXX_LANGUAGE_STANDARD = "gnu++0x";
				CLANG_CXX_LIBRARY = "libc++";
				CLANG_ENABLE_MODULES = YES;
				CLANG_ENABLE_OBJC_ARC = YES;
				CLANG_WARN_BOOL_CONVERSION = YES;
				CLANG_WARN_CONSTANT_CONVERSION = YES;
				CLANG_WARN_DIRECT_OBJC_ISA_USAGE = YES_ERROR;
				CLANG_WARN_EMPTY_BODY = YES;
				CLANG_WARN_ENUM_CONVERSION = YES;
				CLANG_WARN_INT_CONVERSION = YES;
				CLANG_WARN_OBJC_ROOT_CLASS = YES_ERROR;
				CLANG_WARN__DUPLICATE_METHOD_MATCH = YES;
				"CODE_SIGN_IDENTITY[sdk=iphoneos*]" = "iPhone Developer";
				COPY_PHASE_STRIP = NO;
				GCC_C_LANGUAGE_STANDARD = gnu99;
				GCC_DYNAMIC_NO_PIC = NO;
				GCC_OPTIMIZATION_LEVEL = 0;
				GCC_PREPROCESSOR_DEFINITIONS = (
					"DEBUG=1",
					"$(inherited)",
				);
				GCC_SYMBOLS_PRIVATE_EXTERN = NO;
				GCC_WARN_64_TO_32_BIT_CONVERSION = YES;
				GCC_WARN_ABOUT_RETURN_TYPE = YES_ERROR;
				GCC_WARN_UNDECLARED_SELECTOR = YES;
				GCC_WARN_UNINITIALIZED_AUTOS = YES_AGGRESSIVE;
				GCC_WARN_UNUSED_FUNCTION = YES;
				GCC_WARN_UNUSED_VARIABLE = YES;
				IPHONEOS_DEPLOYMENT_TARGET = 7.1;
				ONLY_ACTIVE_ARCH = YES;
				SDKROOT = iphoneos;
			};
			name = Debug;
		};
		3B3A7EE5190843E100B33A10 /* Release */ = {
			isa = XCBuildConfiguration;
			buildSettings = {
				ALWAYS_SEARCH_USER_PATHS = NO;
				CLANG_CXX_LANGUAGE_STANDARD = "gnu++0x";
				CLANG_CXX_LIBRARY = "libc++";
				CLANG_ENABLE_MODULES = YES;
				CLANG_ENABLE_OBJC_ARC = YES;
				CLANG_WARN_BOOL_CONVERSION = YES;
				CLANG_WARN_CONSTANT_CONVERSION = YES;
				CLANG_WARN_DIRECT_OBJC_ISA_USAGE = YES_ERROR;
				CLANG_WARN_EMPTY_BODY = YES;
				CLANG_WARN_ENUM_CONVERSION = YES;
				CLANG_WARN_INT_CONVERSION = YES;
				CLANG_WARN_OBJC_ROOT_CLASS = YES_ERROR;
				CLANG_WARN__DUPLICATE_METHOD_MATCH = YES;
				"CODE_SIGN_IDENTITY[sdk=iphoneos*]" = "iPhone Developer";
				COPY_PHASE_STRIP = YES;
				ENABLE_NS_ASSERTIONS = NO;
				GCC_C_LANGUAGE_STANDARD = gnu99;
				GCC_WARN_64_TO_32_BIT_CONVERSION = YES;
				GCC_WARN_ABOUT_RETURN_TYPE = YES_ERROR;
				GCC_WARN_UNDECLARED_SELECTOR = YES;
				GCC_WARN_UNINITIALIZED_AUTOS = YES_AGGRESSIVE;
				GCC_WARN_UNUSED_FUNCTION = YES;
				GCC_WARN_UNUSED_VARIABLE = YES;
				IPHONEOS_DEPLOYMENT_TARGET = 7.1;
				SDKROOT = iphoneos;
				VALIDATE_PRODUCT = YES;
			};
			name = Release;
		};
		3B3A7EE7190843E100B33A10 /* Debug */ = {
			isa = XCBuildConfiguration;
			buildSettings = {
				ASSETCATALOG_COMPILER_APPICON_NAME = AppIcon;
				ASSETCATALOG_COMPILER_LAUNCHIMAGE_NAME = LaunchImage;
				GCC_PRECOMPILE_PREFIX_HEADER = YES;
				GCC_PREFIX_HEADER = "Git Test/Git Test-Prefix.pch";
				INFOPLIST_FILE = "Git Test/Git Test-Info.plist";
				PRODUCT_NAME = "$(TARGET_NAME)";
				WRAPPER_EXTENSION = app;
			};
			name = Debug;
		};
		3B3A7EE8190843E100B33A10 /* Release */ = {
			isa = XCBuildConfiguration;
			buildSettings = {
				ASSETCATALOG_COMPILER_APPICON_NAME = AppIcon;
				ASSETCATALOG_COMPILER_LAUNCHIMAGE_NAME = LaunchImage;
				GCC_PRECOMPILE_PREFIX_HEADER = YES;
				GCC_PREFIX_HEADER = "Git Test/Git Test-Prefix.pch";
				INFOPLIST_FILE = "Git Test/Git Test-Info.plist";
				PRODUCT_NAME = "$(TARGET_NAME)";
				WRAPPER_EXTENSION = app;
			};
			name = Release;
		};
		3B3A7EEA190843E100B33A10 /* Debug */ = {
			isa = XCBuildConfiguration;
			buildSettings = {
				BUNDLE_LOADER = "$(BUILT_PRODUCTS_DIR)/Git Test.app/Git Test";
				FRAMEWORK_SEARCH_PATHS = (
					"$(SDKROOT)/Developer/Library/Frameworks",
					"$(inherited)",
					"$(DEVELOPER_FRAMEWORKS_DIR)",
				);
				GCC_PRECOMPILE_PREFIX_HEADER = YES;
				GCC_PREFIX_HEADER = "Git Test/Git Test-Prefix.pch";
				GCC_PREPROCESSOR_DEFINITIONS = (
					"DEBUG=1",
					"$(inherited)",
				);
				INFOPLIST_FILE = "Git TestTests/Git TestTests-Info.plist";
				PRODUCT_NAME = "$(TARGET_NAME)";
				TEST_HOST = "$(BUNDLE_LOADER)";
				WRAPPER_EXTENSION = xctest;
			};
			name = Debug;
		};
		3B3A7EEB190843E100B33A10 /* Release */ = {
			isa = XCBuildConfiguration;
			buildSettings = {
				BUNDLE_LOADER = "$(BUILT_PRODUCTS_DIR)/Git Test.app/Git Test";
				FRAMEWORK_SEARCH_PATHS = (
					"$(SDKROOT)/Developer/Library/Frameworks",
					"$(inherited)",
					"$(DEVELOPER_FRAMEWORKS_DIR)",
				);
				GCC_PRECOMPILE_PREFIX_HEADER = YES;
				GCC_PREFIX_HEADER = "Git Test/Git Test-Prefix.pch";
				INFOPLIST_FILE = "Git TestTests/Git TestTests-Info.plist";
				PRODUCT_NAME = "$(TARGET_NAME)";
				TEST_HOST = "$(BUNDLE_LOADER)";
				WRAPPER_EXTENSION = xctest;
			};
			name = Release;
		};
/* End XCBuildConfiguration section */

/* Begin XCConfigurationList section */
		3B3A7EAF190843E100B33A10 /* Build configuration list for PBXProject "Git Test" */ = {
			isa = XCConfigurationList;
			buildConfigurations = (
				3B3A7EE4190843E100B33A10 /* Debug */,
				3B3A7EE5190843E100B33A10 /* Release */,
			);
			defaultConfigurationIsVisible = 0;
			defaultConfigurationName = Release;
		};
		3B3A7EE6190843E100B33A10 /* Build configuration list for PBXNativeTarget "Git Test" */ = {
			isa = XCConfigurationList;
			buildConfigurations = (
				3B3A7EE7190843E100B33A10 /* Debug */,
				3B3A7EE8190843E100B33A10 /* Release */,
			);
			defaultConfigurationIsVisible = 0;
		};
		3B3A7EE9190843E100B33A10 /* Build configuration list for PBXNativeTarget "Git TestTests" */ = {
			isa = XCConfigurationList;
			buildConfigurations = (
				3B3A7EEA190843E100B33A10 /* Debug */,
				3B3A7EEB190843E100B33A10 /* Release */,
			);
			defaultConfigurationIsVisible = 0;
		};
/* End XCConfigurationList section */
	};
	rootObject = 3B3A7EAC190843E100B33A10 /* Project object */;
}
